
Microsoft Visual Studio Solution File, Format Version 12.00
# Visual Studio Version 17
VisualStudioVersion = 17.5.33516.290
MinimumVisualStudioVersion = 10.0.40219.1
Project("{FAE04EC0-301F-11D3-BF4B-00C04F79EFBC}") = "VariableDemo", "VariableDemo\VariableDemo.csproj", "{5AED91F5-B73A-45BC-BA36-F2FC61D53DF6}"
EndProject
Project("{FAE04EC0-301F-11D3-BF4B-00C04F79EFBC}") = "VariableDemo2", "VariableDemo2\VariableDemo2.csproj", "{5D93373C-8DE7-4B14-910A-4A3C2C350AD9}"
EndProject
Project("{FAE04EC0-301F-11D3-BF4B-00C04F79EFBC}") = "ConvertingTypes", "ConvertingTypes\ConvertingTypes.csproj", "{01138DCF-4FEF-4D6B-A6ED-77396097C0F2}"
EndProject
Global
	GlobalSection(SolutionConfigurationPlatforms) = preSolution
		Debug|Any CPU = Debug|Any CPU
		Release|Any CPU = Release|Any CPU
	EndGlobalSection
	GlobalSection(ProjectConfigurationPlatforms) = postSolution
		{5AED91F5-B73A-45BC-BA36-F2FC61D53DF6}.Debug|Any CPU.ActiveCfg = Debug|Any CPU
		{5AED91F5-B73A-45BC-BA36-F2FC61D53DF6}.Debug|Any CPU.Build.0 = Debug|Any CPU
		{5AED91F5-B73A-45BC-BA36-F2FC61D53DF6}.Release|Any CPU.ActiveCfg = Release|Any CPU
		{5AED91F5-B73A-45BC-BA36-F2FC61D53DF6}.Release|Any CPU.Build.0 = Release|Any CPU
		{5D93373C-8DE7-4B14-910A-4A3C2C350AD9}.Debug|Any CPU.ActiveCfg = Debug|Any CPU
		{5D93373C-8DE7-4B14-910A-4A3C2C350AD9}.Debug|Any CPU.Build.0 = Debug|Any CPU
		{5D93373C-8DE7-4B14-910A-4A3C2C350AD9}.Release|Any CPU.ActiveCfg = Release|Any CPU
		{5D93373C-8DE7-4B14-910A-4A3C2C350AD9}.Release|Any CPU.Build.0 = Release|Any CPU
		{01138DCF-4FEF-4D6B-A6ED-77396097C0F2}.Debug|Any CPU.ActiveCfg = Debug|Any CPU
		{01138DCF-4FEF-4D6B-A6ED-77396097C0F2}.Debug|Any CPU.Build.0 = Debug|Any CPU
		{01138DCF-4FEF-4D6B-A6ED-77396097C0F2}.Release|Any CPU.ActiveCfg = Release|Any CPU
		{01138DCF-4FEF-4D6B-A6ED-77396097C0F2}.Release|Any CPU.Build.0 = Release|Any CPU
	EndGlobalSection
	GlobalSection(SolutionProperties) = preSolution
		HideSolutionNode = FALSE
	EndGlobalSection
	GlobalSection(ExtensibilityGlobals) = postSolution
		SolutionGuid = {782368B5-D63A-4B87-882E-C42C59C7ED12}
	EndGlobalSection
EndGlobal
